// !$*UTF8*$!
{
	archiveVersion = 1;
	classes = {
	};
	objectVersion = 46;
	objects = {

/* Begin PBXBuildFile section */
		40BB02421ECDFBEF00A6F9CF /* AppDelegate.swift in Sources */ = {isa = PBXBuildFile; fileRef = 40BB02411ECDFBEF00A6F9CF /* AppDelegate.swift */; };
		40BB02441ECDFBEF00A6F9CF /* ViewController.swift in Sources */ = {isa = PBXBuildFile; fileRef = 40BB02431ECDFBEF00A6F9CF /* ViewController.swift */; };
		40BB02471ECDFBEF00A6F9CF /* Main.storyboard in Resources */ = {isa = PBXBuildFile; fileRef = 40BB02451ECDFBEF00A6F9CF /* Main.storyboard */; };
		40BB02491ECDFBEF00A6F9CF /* Assets.xcassets in Resources */ = {isa = PBXBuildFile; fileRef = 40BB02481ECDFBEF00A6F9CF /* Assets.xcassets */; };
		40BB024C1ECDFBEF00A6F9CF /* LaunchScreen.storyboard in Resources */ = {isa = PBXBuildFile; fileRef = 40BB024A1ECDFBEF00A6F9CF /* LaunchScreen.storyboard */; };
		40C7D05C1F164CD900E8A4E1 /* TrigonoCalcViewController.swift in Sources */ = {isa = PBXBuildFile; fileRef = 40C7D05B1F164CD900E8A4E1 /* TrigonoCalcViewController.swift */; };
		40D59A31201471A40079AA69 /* JSButton.swift in Sources */ = {isa = PBXBuildFile; fileRef = 40D59A30201471A40079AA69 /* JSButton.swift */; };
		40D59A332014752D0079AA69 /* JSLabel.swift in Sources */ = {isa = PBXBuildFile; fileRef = 40D59A322014752D0079AA69 /* JSLabel.swift */; };
		9D596A1D253763A500C9F6DA /* ioscalcwithtrig.png in Resources */ = {isa = PBXBuildFile; fileRef = 9D596A1A253763A500C9F6DA /* ioscalcwithtrig.png */; };
		9D596A1E253763A500C9F6DA /* ioscalcwithtrig2.png in Resources */ = {isa = PBXBuildFile; fileRef = 9D596A1B253763A500C9F6DA /* ioscalcwithtrig2.png */; };
		9D596A1F253763A500C9F6DA /* Screen Shot 2018-01-21 at 17.07.32.png in Resources */ = {isa = PBXBuildFile; fileRef = 9D596A1C253763A500C9F6DA /* Screen Shot 2018-01-21 at 17.07.32.png */; };
/* End PBXBuildFile section */

/* Begin PBXFileReference section */
		40BB023E1ECDFBEF00A6F9CF /* Kalculator.app */ = {isa = PBXFileReference; explicitFileType = wrapper.application; includeInIndex = 0; path = Kalculator.app; sourceTree = BUILT_PRODUCTS_DIR; };
		40BB02411ECDFBEF00A6F9CF /* AppDelegate.swift */ = {isa = PBXFileReference; lastKnownFileType = sourcecode.swift; path = AppDelegate.swift; sourceTree = "<group>"; };
		40BB02431ECDFBEF00A6F9CF /* ViewController.swift */ = {isa = PBXFileReference; lastKnownFileType = sourcecode.swift; path = ViewController.swift; sourceTree = "<group>"; };
		40BB02461ECDFBEF00A6F9CF /* Base */ = {isa = PBXFileReference; lastKnownFileType = file.storyboard; name = Base; path = Base.lproj/Main.storyboard; sourceTree = "<group>"; };
		40BB02481ECDFBEF00A6F9CF /* Assets.xcassets */ = {isa = PBXFileReference; lastKnownFileType = folder.assetcatalog; path = Assets.xcassets; sourceTree = "<group>"; };
		40BB024B1ECDFBEF00A6F9CF /* Base */ = {isa = PBXFileReference; lastKnownFileType = file.storyboard; name = Base; path = Base.lproj/LaunchScreen.storyboard; sourceTree = "<group>"; };
		40BB024D1ECDFBEF00A6F9CF /* Info.plist */ = {isa = PBXFileReference; lastKnownFileType = text.plist.xml; path = Info.plist; sourceTree = "<group>"; };
		40C7D05B1F164CD900E8A4E1 /* TrigonoCalcViewController.swift */ = {isa = PBXFileReference; fileEncoding = 4; lastKnownFileType = sourcecode.swift; path = TrigonoCalcViewController.swift; sourceTree = "<group>"; };
		40D59A30201471A40079AA69 /* JSButton.swift */ = {isa = PBXFileReference; fileEncoding = 4; lastKnownFileType = sourcecode.swift; path = JSButton.swift; sourceTree = "<group>"; };
		40D59A322014752D0079AA69 /* JSLabel.swift */ = {isa = PBXFileReference; lastKnownFileType = sourcecode.swift; path = JSLabel.swift; sourceTree = "<group>"; };
		9D596A1A253763A500C9F6DA /* ioscalcwithtrig.png */ = {isa = PBXFileReference; lastKnownFileType = image.png; name = ioscalcwithtrig.png; path = Screenshots/ioscalcwithtrig.png; sourceTree = "<group>"; };
		9D596A1B253763A500C9F6DA /* ioscalcwithtrig2.png */ = {isa = PBXFileReference; lastKnownFileType = image.png; name = ioscalcwithtrig2.png; path = Screenshots/ioscalcwithtrig2.png; sourceTree = "<group>"; };
		9D596A1C253763A500C9F6DA /* Screen Shot 2018-01-21 at 17.07.32.png */ = {isa = PBXFileReference; lastKnownFileType = image.png; name = "Screen Shot 2018-01-21 at 17.07.32.png"; path = "Screenshots/Screen Shot 2018-01-21 at 17.07.32.png"; sourceTree = "<group>"; };
/* End PBXFileReference section */

/* Begin PBXFrameworksBuildPhase section */
		40BB023B1ECDFBEF00A6F9CF /* Frameworks */ = {
			isa = PBXFrameworksBuildPhase;
			buildActionMask = 2147483647;
			files = (
			);
			runOnlyForDeploymentPostprocessing = 0;
		};
/* End PBXFrameworksBuildPhase section */

/* Begin PBXGroup section */
		40BB02351ECDFBEF00A6F9CF = {
			isa = PBXGroup;
			children = (
				40BB02401ECDFBEF00A6F9CF /* Kalculator */,
				40BB023F1ECDFBEF00A6F9CF /* Products */,
			);
			sourceTree = "<group>";
		};
		40BB023F1ECDFBEF00A6F9CF /* Products */ = {
			isa = PBXGroup;
			children = (
				40BB023E1ECDFBEF00A6F9CF /* Kalculator.app */,
			);
			name = Products;
			sourceTree = "<group>";
		};
		40BB02401ECDFBEF00A6F9CF /* Kalculator */ = {
			isa = PBXGroup;
			children = (
				40BB02411ECDFBEF00A6F9CF /* AppDelegate.swift */,
				40BB02431ECDFBEF00A6F9CF /* ViewController.swift */,
				40D59A30201471A40079AA69 /* JSButton.swift */,
				40BB02451ECDFBEF00A6F9CF /* Main.storyboard */,
				40BB02481ECDFBEF00A6F9CF /* Assets.xcassets */,
				40C7D05D1F164DC100E8A4E1 /* ioscalcwithtrig.png */,
				40C7D05F1F164E2400E8A4E1 /* ioscalcwithtrig2.png */,
				40C7D0611F164E3B00E8A4E1 /* Screenshots */,
				40BB024A1ECDFBEF00A6F9CF /* LaunchScreen.storyboard */,
				40BB024D1ECDFBEF00A6F9CF /* Info.plist */,
				40C7D05B1F164CD900E8A4E1 /* TrigonoCalcViewController.swift */,
				40D59A322014752D0079AA69 /* JSLabel.swift */,
			);
			path = Kalculator;
			sourceTree = "<group>";
		};
		40C7D0611F164E3B00E8A4E1 /* Screenshots */ = {
			isa = PBXGroup;
			children = (
				9D596A1A253763A500C9F6DA /* ioscalcwithtrig.png */,
				9D596A1B253763A500C9F6DA /* ioscalcwithtrig2.png */,
				9D596A1C253763A500C9F6DA /* Screen Shot 2018-01-21 at 17.07.32.png */,
			);
			name = Screenshots;
			sourceTree = "<group>";
		};
/* End PBXGroup section */

/* Begin PBXNativeTarget section */
		40BB023D1ECDFBEF00A6F9CF /* Kalculator */ = {
			isa = PBXNativeTarget;
			buildConfigurationList = 40BB02501ECDFBEF00A6F9CF /* Build configuration list for PBXNativeTarget "Kalculator" */;
			buildPhases = (
				40BB023A1ECDFBEF00A6F9CF /* Sources */,
				40BB023B1ECDFBEF00A6F9CF /* Frameworks */,
				40BB023C1ECDFBEF00A6F9CF /* Resources */,
			);
			buildRules = (
			);
			dependencies = (
			);
			name = Kalculator;
			productName = Kalculator;
			productReference = 40BB023E1ECDFBEF00A6F9CF /* Kalculator.app */;
			productType = "com.apple.product-type.application";
		};
/* End PBXNativeTarget section */

/* Begin PBXProject section */
		40BB02361ECDFBEF00A6F9CF /* Project object */ = {
			isa = PBXProject;
			attributes = {
				LastSwiftUpdateCheck = 0830;
				LastUpgradeCheck = 1170;
				ORGANIZATIONNAME = "Jogendra Singh";
				TargetAttributes = {
					40BB023D1ECDFBEF00A6F9CF = {
						CreatedOnToolsVersion = 8.3;
						DevelopmentTeam = 7P4K4M8A4Q;
						ProvisioningStyle = Automatic;
					};
				};
			};
			buildConfigurationList = 40BB02391ECDFBEF00A6F9CF /* Build configuration list for PBXProject "Kalculator" */;
			compatibilityVersion = "Xcode 3.2";
			developmentRegion = en;
			hasScannedForEncodings = 0;
			knownRegions = (
				en,
				Base,
			);
			mainGroup = 40BB02351ECDFBEF00A6F9CF;
			productRefGroup = 40BB023F1ECDFBEF00A6F9CF /* Products */;
			projectDirPath = "";
			projectRoot = "";
			targets = (
				40BB023D1ECDFBEF00A6F9CF /* Kalculator */,
			);
		};
/* End PBXProject section */

/* Begin PBXResourcesBuildPhase section */
		40BB023C1ECDFBEF00A6F9CF /* Resources */ = {
			isa = PBXResourcesBuildPhase;
			buildActionMask = 2147483647;
			files = (
				9D596A1D253763A500C9F6DA /* ioscalcwithtrig.png in Resources */,
				40C7D05E1F164DC100E8A4E1 /* ioscalcwithtrig.png in Resources */,
				40BB024C1ECDFBEF00A6F9CF /* LaunchScreen.storyboard in Resources */,
				40BB02491ECDFBEF00A6F9CF /* Assets.xcassets in Resources */,
				40BB02471ECDFBEF00A6F9CF /* Main.storyboard in Resources */,
				9D596A1F253763A500C9F6DA /* Screen Shot 2018-01-21 at 17.07.32.png in Resources */,
				9D596A1E253763A500C9F6DA /* ioscalcwithtrig2.png in Resources */,
				40C7D0601F164E2400E8A4E1 /* ioscalcwithtrig2.png in Resources */,
			);
			runOnlyForDeploymentPostprocessing = 0;
		};
/* End PBXResourcesBuildPhase section */

/* Begin PBXSourcesBuildPhase section */
		40BB023A1ECDFBEF00A6F9CF /* Sources */ = {
			isa = PBXSourcesBuildPhase;
			buildActionMask = 2147483647;
			files = (
				40BB02441ECDFBEF00A6F9CF /* ViewController.swift in Sources */,
				40BB02421ECDFBEF00A6F9CF /* AppDelegate.swift in Sources */,
				40D59A332014752D0079AA69 /* JSLabel.swift in Sources */,
				40D59A31201471A40079AA69 /* JSButton.swift in Sources */,
				40C7D05C1F164CD900E8A4E1 /* TrigonoCalcViewController.swift in Sources */,
			);
			runOnlyForDeploymentPostprocessing = 0;
		};
/* End PBXSourcesBuildPhase section */

/* Begin PBXVariantGroup section */
		40BB02451ECDFBEF00A6F9CF /* Main.storyboard */ = {
			isa = PBXVariantGroup;
			children = (
				40BB02461ECDFBEF00A6F9CF /* Base */,
			);
			name = Main.storyboard;
			sourceTree = "<group>";
		};
		40BB024A1ECDFBEF00A6F9CF /* LaunchScreen.storyboard */ = {
			isa = PBXVariantGroup;
			children = (
				40BB024B1ECDFBEF00A6F9CF /* Base */,
			);
			name = LaunchScreen.storyboard;
			sourceTree = "<group>";
		};
/* End PBXVariantGroup section */

/* Begin XCBuildConfiguration section */
		40BB024E1ECDFBEF00A6F9CF /* Debug */ = {
			isa = XCBuildConfiguration;
			buildSettings = {
				ALWAYS_SEARCH_USER_PATHS = NO;
				CLANG_ANALYZER_LOCALIZABILITY_NONLOCALIZED = YES;
				CLANG_ANALYZER_NONNULL = YES;
				CLANG_ANALYZER_NUMBER_OBJECT_CONVERSION = YES_AGGRESSIVE;
				CLANG_CXX_LANGUAGE_STANDARD = "gnu++0x";
				CLANG_CXX_LIBRARY = "libc++";
				CLANG_ENABLE_MODULES = YES;
				CLANG_ENABLE_OBJC_ARC = YES;
				CLANG_WARN_BLOCK_CAPTURE_AUTORELEASING = YES;
				CLANG_WARN_BOOL_CONVERSION = YES;
				CLANG_WARN_COMMA = YES;
				CLANG_WARN_CONSTANT_CONVERSION = YES;
				CLANG_WARN_DEPRECATED_OBJC_IMPLEMENTATIONS = YES;
				CLANG_WARN_DIRECT_OBJC_ISA_USAGE = YES_ERROR;
				CLANG_WARN_DOCUMENTATION_COMMENTS = YES;
				CLANG_WARN_EMPTY_BODY = YES;
				CLANG_WARN_ENUM_CONVERSION = YES;
				CLANG_WARN_INFINITE_RECURSION = YES;
				CLANG_WARN_INT_CONVERSION = YES;
				CLANG_WARN_NON_LITERAL_NULL_CONVERSION = YES;
				CLANG_WARN_OBJC_IMPLICIT_RETAIN_SELF = YES;
				CLANG_WARN_OBJC_LITERAL_CONVERSION = YES;
				CLANG_WARN_OBJC_ROOT_CLASS = YES_ERROR;
				CLANG_WARN_RANGE_LOOP_ANALYSIS = YES;
				CLANG_WARN_STRICT_PROTOTYPES = YES;
				CLANG_WARN_SUSPICIOUS_MOVE = YES;
				CLANG_WARN_UNREACHABLE_CODE = YES;
				CLANG_WARN__DUPLICATE_METHOD_MATCH = YES;
				"CODE_SIGN_IDENTITY[sdk=iphoneos*]" = "iPhone Developer";
				COPY_PHASE_STRIP = NO;
				DEBUG_INFORMATION_FORMAT = dwarf;
				ENABLE_STRICT_OBJC_MSGSEND = YES;
				ENABLE_TESTABILITY = YES;
				GCC_C_LANGUAGE_STANDARD = gnu99;
				GCC_DYNAMIC_NO_PIC = NO;
				GCC_NO_COMMON_BLOCKS = YES;
				GCC_OPTIMIZATION_LEVEL = 0;
				GCC_PREPROCESSOR_DEFINITIONS = (
					"DEBUG=1",
					"$(inherited)",
				);
				GCC_WARN_64_TO_32_BIT_CONVERSION = YES;
				GCC_WARN_ABOUT_RETURN_TYPE = YES_ERROR;
				GCC_WARN_UNDECLARED_SELECTOR = YES;
				GCC_WARN_UNINITIALIZED_AUTOS = YES_AGGRESSIVE;
				GCC_WARN_UNUSED_FUNCTION = YES;
				GCC_WARN_UNUSED_VARIABLE = YES;
				IPHONEOS_DEPLOYMENT_TARGET = 13.7;
				MTL_ENABLE_DEBUG_INFO = YES;
				ONLY_ACTIVE_ARCH = YES;
				SDKROOT = iphoneos;
				SWIFT_ACTIVE_COMPILATION_CONDITIONS = DEBUG;
				SWIFT_OPTIMIZATION_LEVEL = "-Onone";
			};
			name = Debug;
		};
		40BB024F1ECDFBEF00A6F9CF /* Release */ = {
			isa = XCBuildConfiguration;
			buildSettings = {
				ALWAYS_SEARCH_USER_PATHS = NO;
				CLANG_ANALYZER_LOCALIZABILITY_NONLOCALIZED = YES;
				CLANG_ANALYZER_NONNULL = YES;
				CLANG_ANALYZER_NUMBER_OBJECT_CONVERSION = YES_AGGRESSIVE;
				CLANG_CXX_LANGUAGE_STANDARD = "gnu++0x";
				CLANG_CXX_LIBRARY = "libc++";
				CLANG_ENABLE_MODULES = YES;
				CLANG_ENABLE_OBJC_ARC = YES;
				CLANG_WARN_BLOCK_CAPTURE_AUTORELEASING = YES;
				CLANG_WARN_BOOL_CONVERSION = YES;
				CLANG_WARN_COMMA = YES;
				CLANG_WARN_CONSTANT_CONVERSION = YES;
				CLANG_WARN_DEPRECATED_OBJC_IMPLEMENTATIONS = YES;
				CLANG_WARN_DIRECT_OBJC_ISA_USAGE = YES_ERROR;
				CLANG_WARN_DOCUMENTATION_COMMENTS = YES;
				CLANG_WARN_EMPTY_BODY = YES;
				CLANG_WARN_ENUM_CONVERSION = YES;
				CLANG_WARN_INFINITE_RECURSION = YES;
				CLANG_WARN_INT_CONVERSION = YES;
				CLANG_WARN_NON_LITERAL_NULL_CONVERSION = YES;
				CLANG_WARN_OBJC_IMPLICIT_RETAIN_SELF = YES;
				CLANG_WARN_OBJC_LITERAL_CONVERSION = YES;
				CLANG_WARN_OBJC_ROOT_CLASS = YES_ERROR;
				CLANG_WARN_RANGE_LOOP_ANALYSIS = YES;
				CLANG_WARN_STRICT_PROTOTYPES = YES;
				CLANG_WARN_SUSPICIOUS_MOVE = YES;
				CLANG_WARN_UNREACHABLE_CODE = YES;
				CLANG_WARN__DUPLICATE_METHOD_MATCH = YES;
				"CODE_SIGN_IDENTITY[sdk=iphoneos*]" = "iPhone Developer";
				COPY_PHASE_STRIP = NO;
				DEBUG_INFORMATION_FORMAT = "dwarf-with-dsym";
				ENABLE_NS_ASSERTIONS = NO;
				ENABLE_STRICT_OBJC_MSGSEND = YES;
				GCC_C_LANGUAGE_STANDARD = gnu99;
				GCC_NO_COMMON_BLOCKS = YES;
				GCC_WARN_64_TO_32_BIT_CONVERSION = YES;
				GCC_WARN_ABOUT_RETURN_TYPE = YES_ERROR;
				GCC_WARN_UNDECLARED_SELECTOR = YES;
				GCC_WARN_UNINITIALIZED_AUTOS = YES_AGGRESSIVE;
				GCC_WARN_UNUSED_FUNCTION = YES;
				GCC_WARN_UNUSED_VARIABLE = YES;
				IPHONEOS_DEPLOYMENT_TARGET = 13.7;
				MTL_ENABLE_DEBUG_INFO = NO;
				SDKROOT = iphoneos;
				SWIFT_OPTIMIZATION_LEVEL = "-Owholemodule";
				VALIDATE_PRODUCT = YES;
			};
			name = Release;
		};
		40BB02511ECDFBEF00A6F9CF /* Debug */ = {
			isa = XCBuildConfiguration;
			buildSettings = {
				ASSETCATALOG_COMPILER_APPICON_NAME = AppIcon;
				DEVELOPMENT_TEAM = 7P4K4M8A4Q;
				INFOPLIST_FILE = Kalculator/Info.plist;
				LD_RUNPATH_SEARCH_PATHS = "$(inherited) @executable_path/Frameworks";
				PRODUCT_BUNDLE_IDENTIFIER = jog.Kalculator;
				PRODUCT_NAME = "$(TARGET_NAME)";
				SWIFT_VERSION = 5.0;
			};
			name = Debug;
		};
		40BB02521ECDFBEF00A6F9CF /* Release */ = {
			isa = XCBuildConfiguration;
			buildSettings = {
				ASSETCATALOG_COMPILER_APPICON_NAME = AppIcon;
				DEVELOPMENT_TEAM = 7P4K4M8A4Q;
				INFOPLIST_FILE = Kalculator/Info.plist;
				LD_RUNPATH_SEARCH_PATHS = "$(inherited) @executable_path/Frameworks";
				PRODUCT_BUNDLE_IDENTIFIER = jog.Kalculator;
				PRODUCT_NAME = "$(TARGET_NAME)";
				SWIFT_VERSION = 5.0;
			};
			name = Release;
		};
/* End XCBuildConfiguration section */

/* Begin XCConfigurationList section */
		40BB02391ECDFBEF00A6F9CF /* Build configuration list for PBXProject "Kalculator" */ = {
			isa = XCConfigurationList;
			buildConfigurations = (
				40BB024E1ECDFBEF00A6F9CF /* Debug */,
				40BB024F1ECDFBEF00A6F9CF /* Release */,
			);
			defaultConfigurationIsVisible = 0;
			defaultConfigurationName = Release;
		};
		40BB02501ECDFBEF00A6F9CF /* Build configuration list for PBXNativeTarget "Kalculator" */ = {
			isa = XCConfigurationList;
			buildConfigurations = (
				40BB02511ECDFBEF00A6F9CF /* Debug */,
				40BB02521ECDFBEF00A6F9CF /* Release */,
			);
			defaultConfigurationIsVisible = 0;
			defaultConfigurationName = Release;
		};
/* End XCConfigurationList section */
	};
	rootObject = 40BB02361ECDFBEF00A6F9CF /* Project object */;
}
